{
  "nodes": {
    "nixpkgs": {
      "locked": {
        "lastModified": 1651114127,
        "narHash": "sha256-/lLC0wkMZkAdA5e1W76SnJzbhfOGDvync3VRHJMtAKk=",
        "owner": "nixos",
        "repo": "nixpkgs",
        "rev": "6766fb6503ae1ebebc2a9704c162b2aef351f921",
        "type": "github"
      },
      "original": {
        "owner": "nixos",
        "ref": "nixpkgs-unstable",
        "repo": "nixpkgs",
        "type": "github"
      }
    },
    "nixpkgs-terraform": {
      "locked": {
        "lastModified": 1650474274,
        "narHash": "sha256-agFeDble7nIPH5t7XGEAgiAhniXiF0VTfxsAb6+O0cQ=",
        "owner": "nixos",
        "repo": "nixpkgs",
        "rev": "2696f4c69688d6c31fb8363fdf556e06047eb068",
        "type": "github"
      },
      "original": {
        "owner": "nixos",
        "repo": "nixpkgs",
        "rev": "2696f4c69688d6c31fb8363fdf556e06047eb068",
        "type": "github"
      }
    },
    "root": {
      "inputs": {
        "nixpkgs": "nixpkgs",
        "nixpkgs-terraform": "nixpkgs-terraform"
      }
    }
  },
  "root": "root",
  "version": 7
}
